
Microsoft Visual Studio Solution File, Format Version 12.00
# Visual Studio Version 16
VisualStudioVersion = 16.0.31613.86
MinimumVisualStudioVersion = 10.0.40219.1
Project("{FAE04EC0-301F-11D3-BF4B-00C04F79EFBC}") = "3Camadas", "3Camadas.csproj", "{079CE55E-85CA-46E0-80FF-65A57D7210D0}"
EndProject
Global
	GlobalSection(SolutionConfigurationPlatforms) = preSolution
		Debug|Any CPU = Debug|Any CPU
		Release|Any CPU = Release|Any CPU
	EndGlobalSection
	GlobalSection(ProjectConfigurationPlatforms) = postSolution
		{079CE55E-85CA-46E0-80FF-65A57D7210D0}.Debug|Any CPU.ActiveCfg = Debug|Any CPU
		{079CE55E-85CA-46E0-80FF-65A57D7210D0}.Debug|Any CPU.Build.0 = Debug|Any CPU
		{079CE55E-85CA-46E0-80FF-65A57D7210D0}.Release|Any CPU.ActiveCfg = Release|Any CPU
		{079CE55E-85CA-46E0-80FF-65A57D7210D0}.Release|Any CPU.Build.0 = Release|Any CPU
	EndGlobalSection
	GlobalSection(SolutionProperties) = preSolution
		HideSolutionNode = FALSE
	EndGlobalSection
	GlobalSection(ExtensibilityGlobals) = postSolution
		SolutionGuid = {CDF6CCF5-E18E-46BA-BFB5-E688B7192806}
	EndGlobalSection
EndGlobal
